
Microsoft Visual Studio Solution File, Format Version 12.00
# Visual Studio Version 17
VisualStudioVersion = 17.0.31919.166
MinimumVisualStudioVersion = 10.0.40219.1
Project("{FAE04EC0-301F-11D3-BF4B-00C04F79EFBC}") = "ContactsApp.Android", "ContactsApp\ContactsApp.Android\ContactsApp.Android.csproj", "{F8886FE8-73F2-4E5F-A127-36F55B0D3082}"
EndProject
Project("{FAE04EC0-301F-11D3-BF4B-00C04F79EFBC}") = "ContactsApp.iOS", "ContactsApp\ContactsApp.iOS\ContactsApp.iOS.csproj", "{96DBA92A-1024-4B19-9A42-B0E79EC1C3D1}"
EndProject
Project("{9A19103F-16F7-4668-BE54-9A1E7A4F7556}") = "ContactsApp", "ContactsApp\ContactsApp\ContactsApp.csproj", "{050EE308-7139-4093-9ACB-E6C39AAB3553}"
EndProject
Project("{FAE04EC0-301F-11D3-BF4B-00C04F79EFBC}") = "ContactsApp.Tests", "ContactsApp.Tests\ContactsApp.Tests.csproj", "{3CE1094C-5015-4E82-A978-77451E53F6C5}"
EndProject
Global
	GlobalSection(SolutionConfigurationPlatforms) = preSolution
		Debug|Any CPU = Debug|Any CPU
		Debug|iPhone = Debug|iPhone
		Debug|iPhoneSimulator = Debug|iPhoneSimulator
		Release|Any CPU = Release|Any CPU
		Release|iPhone = Release|iPhone
		Release|iPhoneSimulator = Release|iPhoneSimulator
	EndGlobalSection
	GlobalSection(ProjectConfigurationPlatforms) = postSolution
		{F8886FE8-73F2-4E5F-A127-36F55B0D3082}.Debug|Any CPU.ActiveCfg = Debug|Any CPU
		{F8886FE8-73F2-4E5F-A127-36F55B0D3082}.Debug|Any CPU.Build.0 = Debug|Any CPU
		{F8886FE8-73F2-4E5F-A127-36F55B0D3082}.Debug|Any CPU.Deploy.0 = Debug|Any CPU
		{F8886FE8-73F2-4E5F-A127-36F55B0D3082}.Debug|iPhone.ActiveCfg = Debug|Any CPU
		{F8886FE8-73F2-4E5F-A127-36F55B0D3082}.Debug|iPhone.Build.0 = Debug|Any CPU
		{F8886FE8-73F2-4E5F-A127-36F55B0D3082}.Debug|iPhone.Deploy.0 = Debug|Any CPU
		{F8886FE8-73F2-4E5F-A127-36F55B0D3082}.Debug|iPhoneSimulator.ActiveCfg = Debug|Any CPU
		{F8886FE8-73F2-4E5F-A127-36F55B0D3082}.Debug|iPhoneSimulator.Build.0 = Debug|Any CPU
		{F8886FE8-73F2-4E5F-A127-36F55B0D3082}.Debug|iPhoneSimulator.Deploy.0 = Debug|Any CPU
		{F8886FE8-73F2-4E5F-A127-36F55B0D3082}.Release|Any CPU.ActiveCfg = Release|Any CPU
		{F8886FE8-73F2-4E5F-A127-36F55B0D3082}.Release|Any CPU.Build.0 = Release|Any CPU
		{F8886FE8-73F2-4E5F-A127-36F55B0D3082}.Release|Any CPU.Deploy.0 = Release|Any CPU
		{F8886FE8-73F2-4E5F-A127-36F55B0D3082}.Release|iPhone.ActiveCfg = Release|Any CPU
		{F8886FE8-73F2-4E5F-A127-36F55B0D3082}.Release|iPhone.Build.0 = Release|Any CPU
		{F8886FE8-73F2-4E5F-A127-36F55B0D3082}.Release|iPhone.Deploy.0 = Release|Any CPU
		{F8886FE8-73F2-4E5F-A127-36F55B0D3082}.Release|iPhoneSimulator.ActiveCfg = Release|Any CPU
		{F8886FE8-73F2-4E5F-A127-36F55B0D3082}.Release|iPhoneSimulator.Build.0 = Release|Any CPU
		{F8886FE8-73F2-4E5F-A127-36F55B0D3082}.Release|iPhoneSimulator.Deploy.0 = Release|Any CPU
		{96DBA92A-1024-4B19-9A42-B0E79EC1C3D1}.Debug|Any CPU.ActiveCfg = Debug|iPhone
		{96DBA92A-1024-4B19-9A42-B0E79EC1C3D1}.Debug|Any CPU.Build.0 = Debug|iPhone
		{96DBA92A-1024-4B19-9A42-B0E79EC1C3D1}.Debug|Any CPU.Deploy.0 = Debug|iPhone
		{96DBA92A-1024-4B19-9A42-B0E79EC1C3D1}.Debug|iPhone.ActiveCfg = Debug|iPhone
		{96DBA92A-1024-4B19-9A42-B0E79EC1C3D1}.Debug|iPhone.Build.0 = Debug|iPhone
		{96DBA92A-1024-4B19-9A42-B0E79EC1C3D1}.Debug|iPhone.Deploy.0 = Debug|iPhone
		{96DBA92A-1024-4B19-9A42-B0E79EC1C3D1}.Debug|iPhoneSimulator.ActiveCfg = Debug|iPhoneSimulator
		{96DBA92A-1024-4B19-9A42-B0E79EC1C3D1}.Debug|iPhoneSimulator.Build.0 = Debug|iPhoneSimulator
		{96DBA92A-1024-4B19-9A42-B0E79EC1C3D1}.Debug|iPhoneSimulator.Deploy.0 = Debug|iPhoneSimulator
		{96DBA92A-1024-4B19-9A42-B0E79EC1C3D1}.Release|Any CPU.ActiveCfg = Release|iPhoneSimulator
		{96DBA92A-1024-4B19-9A42-B0E79EC1C3D1}.Release|Any CPU.Build.0 = Release|iPhoneSimulator
		{96DBA92A-1024-4B19-9A42-B0E79EC1C3D1}.Release|Any CPU.Deploy.0 = Release|iPhoneSimulator
		{96DBA92A-1024-4B19-9A42-B0E79EC1C3D1}.Release|iPhone.ActiveCfg = Release|iPhone
		{96DBA92A-1024-4B19-9A42-B0E79EC1C3D1}.Release|iPhone.Build.0 = Release|iPhone
		{96DBA92A-1024-4B19-9A42-B0E79EC1C3D1}.Release|iPhone.Deploy.0 = Release|iPhone
		{96DBA92A-1024-4B19-9A42-B0E79EC1C3D1}.Release|iPhoneSimulator.ActiveCfg = Release|iPhoneSimulator
		{96DBA92A-1024-4B19-9A42-B0E79EC1C3D1}.Release|iPhoneSimulator.Build.0 = Release|iPhoneSimulator
		{96DBA92A-1024-4B19-9A42-B0E79EC1C3D1}.Release|iPhoneSimulator.Deploy.0 = Release|iPhoneSimulator
		{050EE308-7139-4093-9ACB-E6C39AAB3553}.Debug|Any CPU.ActiveCfg = Debug|Any CPU
		{050EE308-7139-4093-9ACB-E6C39AAB3553}.Debug|Any CPU.Build.0 = Debug|Any CPU
		{050EE308-7139-4093-9ACB-E6C39AAB3553}.Debug|Any CPU.Deploy.0 = Debug|Any CPU
		{050EE308-7139-4093-9ACB-E6C39AAB3553}.Debug|iPhone.ActiveCfg = Debug|Any CPU
		{050EE308-7139-4093-9ACB-E6C39AAB3553}.Debug|iPhone.Build.0 = Debug|Any CPU
		{050EE308-7139-4093-9ACB-E6C39AAB3553}.Debug|iPhone.Deploy.0 = Debug|Any CPU
		{050EE308-7139-4093-9ACB-E6C39AAB3553}.Debug|iPhoneSimulator.ActiveCfg = Debug|Any CPU
		{050EE308-7139-4093-9ACB-E6C39AAB3553}.Debug|iPhoneSimulator.Build.0 = Debug|Any CPU
		{050EE308-7139-4093-9ACB-E6C39AAB3553}.Debug|iPhoneSimulator.Deploy.0 = Debug|Any CPU
		{050EE308-7139-4093-9ACB-E6C39AAB3553}.Release|Any CPU.ActiveCfg = Release|Any CPU
		{050EE308-7139-4093-9ACB-E6C39AAB3553}.Release|Any CPU.Build.0 = Release|Any CPU
		{050EE308-7139-4093-9ACB-E6C39AAB3553}.Release|Any CPU.Deploy.0 = Release|Any CPU
		{050EE308-7139-4093-9ACB-E6C39AAB3553}.Release|iPhone.ActiveCfg = Release|Any CPU
		{050EE308-7139-4093-9ACB-E6C39AAB3553}.Release|iPhone.Build.0 = Release|Any CPU
		{050EE308-7139-4093-9ACB-E6C39AAB3553}.Release|iPhone.Deploy.0 = Release|Any CPU
		{050EE308-7139-4093-9ACB-E6C39AAB3553}.Release|iPhoneSimulator.ActiveCfg = Release|Any CPU
		{050EE308-7139-4093-9ACB-E6C39AAB3553}.Release|iPhoneSimulator.Build.0 = Release|Any CPU
		{050EE308-7139-4093-9ACB-E6C39AAB3553}.Release|iPhoneSimulator.Deploy.0 = Release|Any CPU
		{3CE1094C-5015-4E82-A978-77451E53F6C5}.Debug|Any CPU.ActiveCfg = Debug|Any CPU
		{3CE1094C-5015-4E82-A978-77451E53F6C5}.Debug|Any CPU.Build.0 = Debug|Any CPU
		{3CE1094C-5015-4E82-A978-77451E53F6C5}.Debug|iPhone.ActiveCfg = Debug|Any CPU
		{3CE1094C-5015-4E82-A978-77451E53F6C5}.Debug|iPhone.Build.0 = Debug|Any CPU
		{3CE1094C-5015-4E82-A978-77451E53F6C5}.Debug|iPhoneSimulator.ActiveCfg = Debug|Any CPU
		{3CE1094C-5015-4E82-A978-77451E53F6C5}.Debug|iPhoneSimulator.Build.0 = Debug|Any CPU
		{3CE1094C-5015-4E82-A978-77451E53F6C5}.Release|Any CPU.ActiveCfg = Release|Any CPU
		{3CE1094C-5015-4E82-A978-77451E53F6C5}.Release|Any CPU.Build.0 = Release|Any CPU
		{3CE1094C-5015-4E82-A978-77451E53F6C5}.Release|iPhone.ActiveCfg = Release|Any CPU
		{3CE1094C-5015-4E82-A978-77451E53F6C5}.Release|iPhone.Build.0 = Release|Any CPU
		{3CE1094C-5015-4E82-A978-77451E53F6C5}.Release|iPhoneSimulator.ActiveCfg = Release|Any CPU
		{3CE1094C-5015-4E82-A978-77451E53F6C5}.Release|iPhoneSimulator.Build.0 = Release|Any CPU
	EndGlobalSection
	GlobalSection(SolutionProperties) = preSolution
		HideSolutionNode = FALSE
	EndGlobalSection
	GlobalSection(ExtensibilityGlobals) = postSolution
		SolutionGuid = {082FE551-F3F5-4D5E-907B-F446E0C40375}
	EndGlobalSection
EndGlobal
